
Microsoft Visual Studio Solution File, Format Version 12.00
# Visual Studio 2013
VisualStudioVersion = 12.0.21005.1
MinimumVisualStudioVersion = 10.0.40219.1
Project("{FAE04EC0-301F-11D3-BF4B-00C04F79EFBC}") = "assembler", "assembler.csproj", "{FF3C864E-AD71-496A-AD08-9C235FA92FE0}"
EndProject
Project("{2150E333-8FDC-42A3-9474-1A3956D46DE8}") = "Solution Items", "Solution Items", "{0BFDB59D-F5C5-42AF-9B6D-92DA093C9B2D}"
EndProject
Global
	GlobalSection(SolutionConfigurationPlatforms) = preSolution
		Debug|x86 = Debug|x86
		Release|x86 = Release|x86
	EndGlobalSection
	GlobalSection(ProjectConfigurationPlatforms) = postSolution
		{FF3C864E-AD71-496A-AD08-9C235FA92FE0}.Debug|x86.ActiveCfg = Debug|x86
		{FF3C864E-AD71-496A-AD08-9C235FA92FE0}.Debug|x86.Build.0 = Debug|x86
		{FF3C864E-AD71-496A-AD08-9C235FA92FE0}.Release|x86.ActiveCfg = Release|x86
		{FF3C864E-AD71-496A-AD08-9C235FA92FE0}.Release|x86.Build.0 = Release|x86
	EndGlobalSection
	GlobalSection(SolutionProperties) = preSolution
		HideSolutionNode = FALSE
	EndGlobalSection
EndGlobal
